// !$*UTF8*$!
{
	archiveVersion = 1;
	classes = {
	};
	objectVersion = 50;
	objects = {

/* Begin PBXBuildFile section */
		2357BBA3241F6CF700FB94DF /* AppDelegate.swift in Sources */ = {isa = PBXBuildFile; fileRef = 2357BBA2241F6CF700FB94DF /* AppDelegate.swift */; };
		2357BBA5241F6CF700FB94DF /* SceneDelegate.swift in Sources */ = {isa = PBXBuildFile; fileRef = 2357BBA4241F6CF700FB94DF /* SceneDelegate.swift */; };
		2357BBA7241F6CF700FB94DF /* ContentView.swift in Sources */ = {isa = PBXBuildFile; fileRef = 2357BBA6241F6CF700FB94DF /* ContentView.swift */; };
		2357BBA9241F6D0000FB94DF /* Assets.xcassets in Resources */ = {isa = PBXBuildFile; fileRef = 2357BBA8241F6D0000FB94DF /* Assets.xcassets */; };
		2357BBAC241F6D0000FB94DF /* Preview Assets.xcassets in Resources */ = {isa = PBXBuildFile; fileRef = 2357BBAB241F6D0000FB94DF /* Preview Assets.xcassets */; };
		2357BBAF241F6D0000FB94DF /* LaunchScreen.storyboard in Resources */ = {isa = PBXBuildFile; fileRef = 2357BBAD241F6D0000FB94DF /* LaunchScreen.storyboard */; };
		2357BBBA241F6D0000FB94DF /* SwiftUIRespondingToEventTests.swift in Sources */ = {isa = PBXBuildFile; fileRef = 2357BBB9241F6D0000FB94DF /* SwiftUIRespondingToEventTests.swift */; };
		2357BBC5241F6D0000FB94DF /* SwiftUIRespondingToEventUITests.swift in Sources */ = {isa = PBXBuildFile; fileRef = 2357BBC4241F6D0000FB94DF /* SwiftUIRespondingToEventUITests.swift */; };
		2357BBD3241F6F9F00FB94DF /* ToggleSwitchView.swift in Sources */ = {isa = PBXBuildFile; fileRef = 2357BBD2241F6F9F00FB94DF /* ToggleSwitchView.swift */; };
		2357BBD5241F730600FB94DF /* TappableButtonView.swift in Sources */ = {isa = PBXBuildFile; fileRef = 2357BBD4241F730600FB94DF /* TappableButtonView.swift */; };
		2357BBD7241F78E700FB94DF /* TextFieldView.swift in Sources */ = {isa = PBXBuildFile; fileRef = 2357BBD6241F78E700FB94DF /* TextFieldView.swift */; };
		2357BBD9241F7DDD00FB94DF /* SliderTestView.swift in Sources */ = {isa = PBXBuildFile; fileRef = 2357BBD8241F7DDD00FB94DF /* SliderTestView.swift */; };
/* End PBXBuildFile section */

/* Begin PBXContainerItemProxy section */
		2357BBB6241F6D0000FB94DF /* PBXContainerItemProxy */ = {
			isa = PBXContainerItemProxy;
			containerPortal = 2357BB97241F6CF700FB94DF /* Project object */;
			proxyType = 1;
			remoteGlobalIDString = 2357BB9E241F6CF700FB94DF;
			remoteInfo = SwiftUIRespondingToEvent;
		};
		2357BBC1241F6D0000FB94DF /* PBXContainerItemProxy */ = {
			isa = PBXContainerItemProxy;
			containerPortal = 2357BB97241F6CF700FB94DF /* Project object */;
			proxyType = 1;
			remoteGlobalIDString = 2357BB9E241F6CF700FB94DF;
			remoteInfo = SwiftUIRespondingToEvent;
		};
/* End PBXContainerItemProxy section */

/* Begin PBXFileReference section */
		2357BB9F241F6CF700FB94DF /* SwiftUIRespondingToEvent.app */ = {isa = PBXFileReference; explicitFileType = wrapper.application; includeInIndex = 0; path = SwiftUIRespondingToEvent.app; sourceTree = BUILT_PRODUCTS_DIR; };
		2357BBA2241F6CF700FB94DF /* AppDelegate.swift */ = {isa = PBXFileReference; lastKnownFileType = sourcecode.swift; path = AppDelegate.swift; sourceTree = "<group>"; };
		2357BBA4241F6CF700FB94DF /* SceneDelegate.swift */ = {isa = PBXFileReference; lastKnownFileType = sourcecode.swift; path = SceneDelegate.swift; sourceTree = "<group>"; };
		2357BBA6241F6CF700FB94DF /* ContentView.swift */ = {isa = PBXFileReference; lastKnownFileType = sourcecode.swift; path = ContentView.swift; sourceTree = "<group>"; };
		2357BBA8241F6D0000FB94DF /* Assets.xcassets */ = {isa = PBXFileReference; lastKnownFileType = folder.assetcatalog; path = Assets.xcassets; sourceTree = "<group>"; };
		2357BBAB241F6D0000FB94DF /* Preview Assets.xcassets */ = {isa = PBXFileReference; lastKnownFileType = folder.assetcatalog; path = "Preview Assets.xcassets"; sourceTree = "<group>"; };
		2357BBAE241F6D0000FB94DF /* Base */ = {isa = PBXFileReference; lastKnownFileType = file.storyboard; name = Base; path = Base.lproj/LaunchScreen.storyboard; sourceTree = "<group>"; };
		2357BBB0241F6D0000FB94DF /* Info.plist */ = {isa = PBXFileReference; lastKnownFileType = text.plist.xml; path = Info.plist; sourceTree = "<group>"; };
		2357BBB5241F6D0000FB94DF /* SwiftUIRespondingToEventTests.xctest */ = {isa = PBXFileReference; explicitFileType = wrapper.cfbundle; includeInIndex = 0; path = SwiftUIRespondingToEventTests.xctest; sourceTree = BUILT_PRODUCTS_DIR; };
		2357BBB9241F6D0000FB94DF /* SwiftUIRespondingToEventTests.swift */ = {isa = PBXFileReference; lastKnownFileType = sourcecode.swift; path = SwiftUIRespondingToEventTests.swift; sourceTree = "<group>"; };
		2357BBBB241F6D0000FB94DF /* Info.plist */ = {isa = PBXFileReference; lastKnownFileType = text.plist.xml; path = Info.plist; sourceTree = "<group>"; };
		2357BBC0241F6D0000FB94DF /* SwiftUIRespondingToEventUITests.xctest */ = {isa = PBXFileReference; explicitFileType = wrapper.cfbundle; includeInIndex = 0; path = SwiftUIRespondingToEventUITests.xctest; sourceTree = BUILT_PRODUCTS_DIR; };
		2357BBC4241F6D0000FB94DF /* SwiftUIRespondingToEventUITests.swift */ = {isa = PBXFileReference; lastKnownFileType = sourcecode.swift; path = SwiftUIRespondingToEventUITests.swift; sourceTree = "<group>"; };
		2357BBC6241F6D0000FB94DF /* Info.plist */ = {isa = PBXFileReference; lastKnownFileType = text.plist.xml; path = Info.plist; sourceTree = "<group>"; };
		2357BBD2241F6F9F00FB94DF /* ToggleSwitchView.swift */ = {isa = PBXFileReference; lastKnownFileType = sourcecode.swift; path = ToggleSwitchView.swift; sourceTree = "<group>"; };
		2357BBD4241F730600FB94DF /* TappableButtonView.swift */ = {isa = PBXFileReference; lastKnownFileType = sourcecode.swift; path = TappableButtonView.swift; sourceTree = "<group>"; };
		2357BBD6241F78E700FB94DF /* TextFieldView.swift */ = {isa = PBXFileReference; lastKnownFileType = sourcecode.swift; path = TextFieldView.swift; sourceTree = "<group>"; };
		2357BBD8241F7DDD00FB94DF /* SliderTestView.swift */ = {isa = PBXFileReference; lastKnownFileType = sourcecode.swift; path = SliderTestView.swift; sourceTree = "<group>"; };
/* End PBXFileReference section */

/* Begin PBXFrameworksBuildPhase section */
		2357BB9C241F6CF700FB94DF /* Frameworks */ = {
			isa = PBXFrameworksBuildPhase;
			buildActionMask = 2147483647;
			files = (
			);
			runOnlyForDeploymentPostprocessing = 0;
		};
		2357BBB2241F6D0000FB94DF /* Frameworks */ = {
			isa = PBXFrameworksBuildPhase;
			buildActionMask = 2147483647;
			files = (
			);
			runOnlyForDeploymentPostprocessing = 0;
		};
		2357BBBD241F6D0000FB94DF /* Frameworks */ = {
			isa = PBXFrameworksBuildPhase;
			buildActionMask = 2147483647;
			files = (
			);
			runOnlyForDeploymentPostprocessing = 0;
		};
/* End PBXFrameworksBuildPhase section */

/* Begin PBXGroup section */
		2357BB96241F6CF700FB94DF = {
			isa = PBXGroup;
			children = (
				2357BBA1241F6CF700FB94DF /* SwiftUIRespondingToEvent */,
				2357BBB8241F6D0000FB94DF /* SwiftUIRespondingToEventTests */,
				2357BBC3241F6D0000FB94DF /* SwiftUIRespondingToEventUITests */,
				2357BBA0241F6CF700FB94DF /* Products */,
			);
			sourceTree = "<group>";
		};
		2357BBA0241F6CF700FB94DF /* Products */ = {
			isa = PBXGroup;
			children = (
				2357BB9F241F6CF700FB94DF /* SwiftUIRespondingToEvent.app */,
				2357BBB5241F6D0000FB94DF /* SwiftUIRespondingToEventTests.xctest */,
				2357BBC0241F6D0000FB94DF /* SwiftUIRespondingToEventUITests.xctest */,
			);
			name = Products;
			sourceTree = "<group>";
		};
		2357BBA1241F6CF700FB94DF /* SwiftUIRespondingToEvent */ = {
			isa = PBXGroup;
			children = (
				2357BBA2241F6CF700FB94DF /* AppDelegate.swift */,
				2357BBA4241F6CF700FB94DF /* SceneDelegate.swift */,
				2357BBA6241F6CF700FB94DF /* ContentView.swift */,
				2357BBA8241F6D0000FB94DF /* Assets.xcassets */,
				2357BBAD241F6D0000FB94DF /* LaunchScreen.storyboard */,
				2357BBB0241F6D0000FB94DF /* Info.plist */,
				2357BBAA241F6D0000FB94DF /* Preview Content */,
				2357BBD2241F6F9F00FB94DF /* ToggleSwitchView.swift */,
				2357BBD4241F730600FB94DF /* TappableButtonView.swift */,
				2357BBD6241F78E700FB94DF /* TextFieldView.swift */,
				2357BBD8241F7DDD00FB94DF /* SliderTestView.swift */,
			);
			path = SwiftUIRespondingToEvent;
			sourceTree = "<group>";
		};
		2357BBAA241F6D0000FB94DF /* Preview Content */ = {
			isa = PBXGroup;
			children = (
				2357BBAB241F6D0000FB94DF /* Preview Assets.xcassets */,
			);
			path = "Preview Content";
			sourceTree = "<group>";
		};
		2357BBB8241F6D0000FB94DF /* SwiftUIRespondingToEventTests */ = {
			isa = PBXGroup;
			children = (
				2357BBB9241F6D0000FB94DF /* SwiftUIRespondingToEventTests.swift */,
				2357BBBB241F6D0000FB94DF /* Info.plist */,
			);
			path = SwiftUIRespondingToEventTests;
			sourceTree = "<group>";
		};
		2357BBC3241F6D0000FB94DF /* SwiftUIRespondingToEventUITests */ = {
			isa = PBXGroup;
			children = (
				2357BBC4241F6D0000FB94DF /* SwiftUIRespondingToEventUITests.swift */,
				2357BBC6241F6D0000FB94DF /* Info.plist */,
			);
			path = SwiftUIRespondingToEventUITests;
			sourceTree = "<group>";
		};
/* End PBXGroup section */

/* Begin PBXNativeTarget section */
		2357BB9E241F6CF700FB94DF /* SwiftUIRespondingToEvent */ = {
			isa = PBXNativeTarget;
			buildConfigurationList = 2357BBC9241F6D0000FB94DF /* Build configuration list for PBXNativeTarget "SwiftUIRespondingToEvent" */;
			buildPhases = (
				2357BB9B241F6CF700FB94DF /* Sources */,
				2357BB9C241F6CF700FB94DF /* Frameworks */,
				2357BB9D241F6CF700FB94DF /* Resources */,
			);
			buildRules = (
			);
			dependencies = (
			);
			name = SwiftUIRespondingToEvent;
			productName = SwiftUIRespondingToEvent;
			productReference = 2357BB9F241F6CF700FB94DF /* SwiftUIRespondingToEvent.app */;
			productType = "com.apple.product-type.application";
		};
		2357BBB4241F6D0000FB94DF /* SwiftUIRespondingToEventTests */ = {
			isa = PBXNativeTarget;
			buildConfigurationList = 2357BBCC241F6D0000FB94DF /* Build configuration list for PBXNativeTarget "SwiftUIRespondingToEventTests" */;
			buildPhases = (
				2357BBB1241F6D0000FB94DF /* Sources */,
				2357BBB2241F6D0000FB94DF /* Frameworks */,
				2357BBB3241F6D0000FB94DF /* Resources */,
			);
			buildRules = (
			);
			dependencies = (
				2357BBB7241F6D0000FB94DF /* PBXTargetDependency */,
			);
			name = SwiftUIRespondingToEventTests;
			productName = SwiftUIRespondingToEventTests;
			productReference = 2357BBB5241F6D0000FB94DF /* SwiftUIRespondingToEventTests.xctest */;
			productType = "com.apple.product-type.bundle.unit-test";
		};
		2357BBBF241F6D0000FB94DF /* SwiftUIRespondingToEventUITests */ = {
			isa = PBXNativeTarget;
			buildConfigurationList = 2357BBCF241F6D0000FB94DF /* Build configuration list for PBXNativeTarget "SwiftUIRespondingToEventUITests" */;
			buildPhases = (
				2357BBBC241F6D0000FB94DF /* Sources */,
				2357BBBD241F6D0000FB94DF /* Frameworks */,
				2357BBBE241F6D0000FB94DF /* Resources */,
			);
			buildRules = (
			);
			dependencies = (
				2357BBC2241F6D0000FB94DF /* PBXTargetDependency */,
			);
			name = SwiftUIRespondingToEventUITests;
			productName = SwiftUIRespondingToEventUITests;
			productReference = 2357BBC0241F6D0000FB94DF /* SwiftUIRespondingToEventUITests.xctest */;
			productType = "com.apple.product-type.bundle.ui-testing";
		};
/* End PBXNativeTarget section */

/* Begin PBXProject section */
		2357BB97241F6CF700FB94DF /* Project object */ = {
			isa = PBXProject;
			attributes = {
				LastSwiftUpdateCheck = 1100;
				LastUpgradeCheck = 1100;
				ORGANIZATIONNAME = "Naw Su Su Nyein";
				TargetAttributes = {
					2357BB9E241F6CF700FB94DF = {
						CreatedOnToolsVersion = 11.0;
					};
					2357BBB4241F6D0000FB94DF = {
						CreatedOnToolsVersion = 11.0;
						TestTargetID = 2357BB9E241F6CF700FB94DF;
					};
					2357BBBF241F6D0000FB94DF = {
						CreatedOnToolsVersion = 11.0;
						TestTargetID = 2357BB9E241F6CF700FB94DF;
					};
				};
			};
			buildConfigurationList = 2357BB9A241F6CF700FB94DF /* Build configuration list for PBXProject "SwiftUIRespondingToEvent" */;
			compatibilityVersion = "Xcode 9.3";
			developmentRegion = en;
			hasScannedForEncodings = 0;
			knownRegions = (
				en,
				Base,
			);
			mainGroup = 2357BB96241F6CF700FB94DF;
			productRefGroup = 2357BBA0241F6CF700FB94DF /* Products */;
			projectDirPath = "";
			projectRoot = "";
			targets = (
				2357BB9E241F6CF700FB94DF /* SwiftUIRespondingToEvent */,
				2357BBB4241F6D0000FB94DF /* SwiftUIRespondingToEventTests */,
				2357BBBF241F6D0000FB94DF /* SwiftUIRespondingToEventUITests */,
			);
		};
/* End PBXProject section */

/* Begin PBXResourcesBuildPhase section */
		2357BB9D241F6CF700FB94DF /* Resources */ = {
			isa = PBXResourcesBuildPhase;
			buildActionMask = 2147483647;
			files = (
				2357BBAF241F6D0000FB94DF /* LaunchScreen.storyboard in Resources */,
				2357BBAC241F6D0000FB94DF /* Preview Assets.xcassets in Resources */,
				2357BBA9241F6D0000FB94DF /* Assets.xcassets in Resources */,
			);
			runOnlyForDeploymentPostprocessing = 0;
		};
		2357BBB3241F6D0000FB94DF /* Resources */ = {
			isa = PBXResourcesBuildPhase;
			buildActionMask = 2147483647;
			files = (
			);
			runOnlyForDeploymentPostprocessing = 0;
		};
		2357BBBE241F6D0000FB94DF /* Resources */ = {
			isa = PBXResourcesBuildPhase;
			buildActionMask = 2147483647;
			files = (
			);
			runOnlyForDeploymentPostprocessing = 0;
		};
/* End PBXResourcesBuildPhase section */

/* Begin PBXSourcesBuildPhase section */
		2357BB9B241F6CF700FB94DF /* Sources */ = {
			isa = PBXSourcesBuildPhase;
			buildActionMask = 2147483647;
			files = (
				2357BBD9241F7DDD00FB94DF /* SliderTestView.swift in Sources */,
				2357BBD3241F6F9F00FB94DF /* ToggleSwitchView.swift in Sources */,
				2357BBD5241F730600FB94DF /* TappableButtonView.swift in Sources */,
				2357BBD7241F78E700FB94DF /* TextFieldView.swift in Sources */,
				2357BBA3241F6CF700FB94DF /* AppDelegate.swift in Sources */,
				2357BBA5241F6CF700FB94DF /* SceneDelegate.swift in Sources */,
				2357BBA7241F6CF700FB94DF /* ContentView.swift in Sources */,
			);
			runOnlyForDeploymentPostprocessing = 0;
		};
		2357BBB1241F6D0000FB94DF /* Sources */ = {
			isa = PBXSourcesBuildPhase;
			buildActionMask = 2147483647;
			files = (
				2357BBBA241F6D0000FB94DF /* SwiftUIRespondingToEventTests.swift in Sources */,
			);
			runOnlyForDeploymentPostprocessing = 0;
		};
		2357BBBC241F6D0000FB94DF /* Sources */ = {
			isa = PBXSourcesBuildPhase;
			buildActionMask = 2147483647;
			files = (
				2357BBC5241F6D0000FB94DF /* SwiftUIRespondingToEventUITests.swift in Sources */,
			);
			runOnlyForDeploymentPostprocessing = 0;
		};
/* End PBXSourcesBuildPhase section */

/* Begin PBXTargetDependency section */
		2357BBB7241F6D0000FB94DF /* PBXTargetDependency */ = {
			isa = PBXTargetDependency;
			target = 2357BB9E241F6CF700FB94DF /* SwiftUIRespondingToEvent */;
			targetProxy = 2357BBB6241F6D0000FB94DF /* PBXContainerItemProxy */;
		};
		2357BBC2241F6D0000FB94DF /* PBXTargetDependency */ = {
			isa = PBXTargetDependency;
			target = 2357BB9E241F6CF700FB94DF /* SwiftUIRespondingToEvent */;
			targetProxy = 2357BBC1241F6D0000FB94DF /* PBXContainerItemProxy */;
		};
/* End PBXTargetDependency section */

/* Begin PBXVariantGroup section */
		2357BBAD241F6D0000FB94DF /* LaunchScreen.storyboard */ = {
			isa = PBXVariantGroup;
			children = (
				2357BBAE241F6D0000FB94DF /* Base */,
			);
			name = LaunchScreen.storyboard;
			sourceTree = "<group>";
		};
/* End PBXVariantGroup section */

/* Begin XCBuildConfiguration section */
		2357BBC7241F6D0000FB94DF /* Debug */ = {
			isa = XCBuildConfiguration;
			buildSettings = {
				ALWAYS_SEARCH_USER_PATHS = NO;
				CLANG_ANALYZER_NONNULL = YES;
				CLANG_ANALYZER_NUMBER_OBJECT_CONVERSION = YES_AGGRESSIVE;
				CLANG_CXX_LANGUAGE_STANDARD = "gnu++14";
				CLANG_CXX_LIBRARY = "libc++";
				CLANG_ENABLE_MODULES = YES;
				CLANG_ENABLE_OBJC_ARC = YES;
				CLANG_ENABLE_OBJC_WEAK = YES;
				CLANG_WARN_BLOCK_CAPTURE_AUTORELEASING = YES;
				CLANG_WARN_BOOL_CONVERSION = YES;
				CLANG_WARN_COMMA = YES;
				CLANG_WARN_CONSTANT_CONVERSION = YES;
				CLANG_WARN_DEPRECATED_OBJC_IMPLEMENTATIONS = YES;
				CLANG_WARN_DIRECT_OBJC_ISA_USAGE = YES_ERROR;
				CLANG_WARN_DOCUMENTATION_COMMENTS = YES;
				CLANG_WARN_EMPTY_BODY = YES;
				CLANG_WARN_ENUM_CONVERSION = YES;
				CLANG_WARN_INFINITE_RECURSION = YES;
				CLANG_WARN_INT_CONVERSION = YES;
				CLANG_WARN_NON_LITERAL_NULL_CONVERSION = YES;
				CLANG_WARN_OBJC_IMPLICIT_RETAIN_SELF = YES;
				CLANG_WARN_OBJC_LITERAL_CONVERSION = YES;
				CLANG_WARN_OBJC_ROOT_CLASS = YES_ERROR;
				CLANG_WARN_RANGE_LOOP_ANALYSIS = YES;
				CLANG_WARN_STRICT_PROTOTYPES = YES;
				CLANG_WARN_SUSPICIOUS_MOVE = YES;
				CLANG_WARN_UNGUARDED_AVAILABILITY = YES_AGGRESSIVE;
				CLANG_WARN_UNREACHABLE_CODE = YES;
				CLANG_WARN__DUPLICATE_METHOD_MATCH = YES;
				COPY_PHASE_STRIP = NO;
				DEBUG_INFORMATION_FORMAT = dwarf;
				ENABLE_STRICT_OBJC_MSGSEND = YES;
				ENABLE_TESTABILITY = YES;
				GCC_C_LANGUAGE_STANDARD = gnu11;
				GCC_DYNAMIC_NO_PIC = NO;
				GCC_NO_COMMON_BLOCKS = YES;
				GCC_OPTIMIZATION_LEVEL = 0;
				GCC_PREPROCESSOR_DEFINITIONS = (
					"DEBUG=1",
					"$(inherited)",
				);
				GCC_WARN_64_TO_32_BIT_CONVERSION = YES;
				GCC_WARN_ABOUT_RETURN_TYPE = YES_ERROR;
				GCC_WARN_UNDECLARED_SELECTOR = YES;
				GCC_WARN_UNINITIALIZED_AUTOS = YES_AGGRESSIVE;
				GCC_WARN_UNUSED_FUNCTION = YES;
				GCC_WARN_UNUSED_VARIABLE = YES;
				IPHONEOS_DEPLOYMENT_TARGET = 13.0;
				MTL_ENABLE_DEBUG_INFO = INCLUDE_SOURCE;
				MTL_FAST_MATH = YES;
				ONLY_ACTIVE_ARCH = YES;
				SDKROOT = iphoneos;
				SWIFT_ACTIVE_COMPILATION_CONDITIONS = DEBUG;
				SWIFT_OPTIMIZATION_LEVEL = "-Onone";
			};
			name = Debug;
		};
		2357BBC8241F6D0000FB94DF /* Release */ = {
			isa = XCBuildConfiguration;
			buildSettings = {
				ALWAYS_SEARCH_USER_PATHS = NO;
				CLANG_ANALYZER_NONNULL = YES;
				CLANG_ANALYZER_NUMBER_OBJECT_CONVERSION = YES_AGGRESSIVE;
				CLANG_CXX_LANGUAGE_STANDARD = "gnu++14";
				CLANG_CXX_LIBRARY = "libc++";
				CLANG_ENABLE_MODULES = YES;
				CLANG_ENABLE_OBJC_ARC = YES;
				CLANG_ENABLE_OBJC_WEAK = YES;
				CLANG_WARN_BLOCK_CAPTURE_AUTORELEASING = YES;
				CLANG_WARN_BOOL_CONVERSION = YES;
				CLANG_WARN_COMMA = YES;
				CLANG_WARN_CONSTANT_CONVERSION = YES;
				CLANG_WARN_DEPRECATED_OBJC_IMPLEMENTATIONS = YES;
				CLANG_WARN_DIRECT_OBJC_ISA_USAGE = YES_ERROR;
				CLANG_WARN_DOCUMENTATION_COMMENTS = YES;
				CLANG_WARN_EMPTY_BODY = YES;
				CLANG_WARN_ENUM_CONVERSION = YES;
				CLANG_WARN_INFINITE_RECURSION = YES;
				CLANG_WARN_INT_CONVERSION = YES;
				CLANG_WARN_NON_LITERAL_NULL_CONVERSION = YES;
				CLANG_WARN_OBJC_IMPLICIT_RETAIN_SELF = YES;
				CLANG_WARN_OBJC_LITERAL_CONVERSION = YES;
				CLANG_WARN_OBJC_ROOT_CLASS = YES_ERROR;
				CLANG_WARN_RANGE_LOOP_ANALYSIS = YES;
				CLANG_WARN_STRICT_PROTOTYPES = YES;
				CLANG_WARN_SUSPICIOUS_MOVE = YES;
				CLANG_WARN_UNGUARDED_AVAILABILITY = YES_AGGRESSIVE;
				CLANG_WARN_UNREACHABLE_CODE = YES;
				CLANG_WARN__DUPLICATE_METHOD_MATCH = YES;
				COPY_PHASE_STRIP = NO;
				DEBUG_INFORMATION_FORMAT = "dwarf-with-dsym";
				ENABLE_NS_ASSERTIONS = NO;
				ENABLE_STRICT_OBJC_MSGSEND = YES;
				GCC_C_LANGUAGE_STANDARD = gnu11;
				GCC_NO_COMMON_BLOCKS = YES;
				GCC_WARN_64_TO_32_BIT_CONVERSION = YES;
				GCC_WARN_ABOUT_RETURN_TYPE = YES_ERROR;
				GCC_WARN_UNDECLARED_SELECTOR = YES;
				GCC_WARN_UNINITIALIZED_AUTOS = YES_AGGRESSIVE;
				GCC_WARN_UNUSED_FUNCTION = YES;
				GCC_WARN_UNUSED_VARIABLE = YES;
				IPHONEOS_DEPLOYMENT_TARGET = 13.0;
				MTL_ENABLE_DEBUG_INFO = NO;
				MTL_FAST_MATH = YES;
				SDKROOT = iphoneos;
				SWIFT_COMPILATION_MODE = wholemodule;
				SWIFT_OPTIMIZATION_LEVEL = "-O";
				VALIDATE_PRODUCT = YES;
			};
			name = Release;
		};
		2357BBCA241F6D0000FB94DF /* Debug */ = {
			isa = XCBuildConfiguration;
			buildSettings = {
				ASSETCATALOG_COMPILER_APPICON_NAME = AppIcon;
				CODE_SIGN_STYLE = Automatic;
				DEVELOPMENT_ASSET_PATHS = "\"SwiftUIRespondingToEvent/Preview Content\"";
				ENABLE_PREVIEWS = YES;
				INFOPLIST_FILE = SwiftUIRespondingToEvent/Info.plist;
				LD_RUNPATH_SEARCH_PATHS = (
					"$(inherited)",
					"@executable_path/Frameworks",
				);
				PRODUCT_BUNDLE_IDENTIFIER = "nawsusunyein-gmail.com.SwiftUIRespondingToEvent";
				PRODUCT_NAME = "$(TARGET_NAME)";
				SWIFT_VERSION = 5.0;
				TARGETED_DEVICE_FAMILY = "1,2";
			};
			name = Debug;
		};
		2357BBCB241F6D0000FB94DF /* Release */ = {
			isa = XCBuildConfiguration;
			buildSettings = {
				ASSETCATALOG_COMPILER_APPICON_NAME = AppIcon;
				CODE_SIGN_STYLE = Automatic;
				DEVELOPMENT_ASSET_PATHS = "\"SwiftUIRespondingToEvent/Preview Content\"";
				ENABLE_PREVIEWS = YES;
				INFOPLIST_FILE = SwiftUIRespondingToEvent/Info.plist;
				LD_RUNPATH_SEARCH_PATHS = (
					"$(inherited)",
					"@executable_path/Frameworks",
				);
				PRODUCT_BUNDLE_IDENTIFIER = "nawsusunyein-gmail.com.SwiftUIRespondingToEvent";
				PRODUCT_NAME = "$(TARGET_NAME)";
				SWIFT_VERSION = 5.0;
				TARGETED_DEVICE_FAMILY = "1,2";
			};
			name = Release;
		};
		2357BBCD241F6D0000FB94DF /* Debug */ = {
			isa = XCBuildConfiguration;
			buildSettings = {
				ALWAYS_EMBED_SWIFT_STANDARD_LIBRARIES = YES;
				BUNDLE_LOADER = "$(TEST_HOST)";
				CODE_SIGN_STYLE = Automatic;
				INFOPLIST_FILE = SwiftUIRespondingToEventTests/Info.plist;
				IPHONEOS_DEPLOYMENT_TARGET = 13.0;
				LD_RUNPATH_SEARCH_PATHS = (
					"$(inherited)",
					"@executable_path/Frameworks",
					"@loader_path/Frameworks",
				);
				PRODUCT_BUNDLE_IDENTIFIER = "nawsusunyein-gmail.com.SwiftUIRespondingToEventTests";
				PRODUCT_NAME = "$(TARGET_NAME)";
				SWIFT_VERSION = 5.0;
				TARGETED_DEVICE_FAMILY = "1,2";
				TEST_HOST = "$(BUILT_PRODUCTS_DIR)/SwiftUIRespondingToEvent.app/SwiftUIRespondingToEvent";
			};
			name = Debug;
		};
		2357BBCE241F6D0000FB94DF /* Release */ = {
			isa = XCBuildConfiguration;
			buildSettings = {
				ALWAYS_EMBED_SWIFT_STANDARD_LIBRARIES = YES;
				BUNDLE_LOADER = "$(TEST_HOST)";
				CODE_SIGN_STYLE = Automatic;
				INFOPLIST_FILE = SwiftUIRespondingToEventTests/Info.plist;
				IPHONEOS_DEPLOYMENT_TARGET = 13.0;
				LD_RUNPATH_SEARCH_PATHS = (
					"$(inherited)",
					"@executable_path/Frameworks",
					"@loader_path/Frameworks",
				);
				PRODUCT_BUNDLE_IDENTIFIER = "nawsusunyein-gmail.com.SwiftUIRespondingToEventTests";
				PRODUCT_NAME = "$(TARGET_NAME)";
				SWIFT_VERSION = 5.0;
				TARGETED_DEVICE_FAMILY = "1,2";
				TEST_HOST = "$(BUILT_PRODUCTS_DIR)/SwiftUIRespondingToEvent.app/SwiftUIRespondingToEvent";
			};
			name = Release;
		};
		2357BBD0241F6D0000FB94DF /* Debug */ = {
			isa = XCBuildConfiguration;
			buildSettings = {
				ALWAYS_EMBED_SWIFT_STANDARD_LIBRARIES = YES;
				CODE_SIGN_STYLE = Automatic;
				INFOPLIST_FILE = SwiftUIRespondingToEventUITests/Info.plist;
				LD_RUNPATH_SEARCH_PATHS = (
					"$(inherited)",
					"@executable_path/Frameworks",
					"@loader_path/Frameworks",
				);
				PRODUCT_BUNDLE_IDENTIFIER = "nawsusunyein-gmail.com.SwiftUIRespondingToEventUITests";
				PRODUCT_NAME = "$(TARGET_NAME)";
				SWIFT_VERSION = 5.0;
				TARGETED_DEVICE_FAMILY = "1,2";
				TEST_TARGET_NAME = SwiftUIRespondingToEvent;
			};
			name = Debug;
		};
		2357BBD1241F6D0000FB94DF /* Release */ = {
			isa = XCBuildConfiguration;
			buildSettings = {
				ALWAYS_EMBED_SWIFT_STANDARD_LIBRARIES = YES;
				CODE_SIGN_STYLE = Automatic;
				INFOPLIST_FILE = SwiftUIRespondingToEventUITests/Info.plist;
				LD_RUNPATH_SEARCH_PATHS = (
					"$(inherited)",
					"@executable_path/Frameworks",
					"@loader_path/Frameworks",
				);
				PRODUCT_BUNDLE_IDENTIFIER = "nawsusunyein-gmail.com.SwiftUIRespondingToEventUITests";
				PRODUCT_NAME = "$(TARGET_NAME)";
				SWIFT_VERSION = 5.0;
				TARGETED_DEVICE_FAMILY = "1,2";
				TEST_TARGET_NAME = SwiftUIRespondingToEvent;
			};
			name = Release;
		};
/* End XCBuildConfiguration section */

/* Begin XCConfigurationList section */
		2357BB9A241F6CF700FB94DF /* Build configuration list for PBXProject "SwiftUIRespondingToEvent" */ = {
			isa = XCConfigurationList;
			buildConfigurations = (
				2357BBC7241F6D0000FB94DF /* Debug */,
				2357BBC8241F6D0000FB94DF /* Release */,
			);
			defaultConfigurationIsVisible = 0;
			defaultConfigurationName = Release;
		};
		2357BBC9241F6D0000FB94DF /* Build configuration list for PBXNativeTarget "SwiftUIRespondingToEvent" */ = {
			isa = XCConfigurationList;
			buildConfigurations = (
				2357BBCA241F6D0000FB94DF /* Debug */,
				2357BBCB241F6D0000FB94DF /* Release */,
			);
			defaultConfigurationIsVisible = 0;
			defaultConfigurationName = Release;
		};
		2357BBCC241F6D0000FB94DF /* Build configuration list for PBXNativeTarget "SwiftUIRespondingToEventTests" */ = {
			isa = XCConfigurationList;
			buildConfigurations = (
				2357BBCD241F6D0000FB94DF /* Debug */,
				2357BBCE241F6D0000FB94DF /* Release */,
			);
			defaultConfigurationIsVisible = 0;
			defaultConfigurationName = Release;
		};
		2357BBCF241F6D0000FB94DF /* Build configuration list for PBXNativeTarget "SwiftUIRespondingToEventUITests" */ = {
			isa = XCConfigurationList;
			buildConfigurations = (
				2357BBD0241F6D0000FB94DF /* Debug */,
				2357BBD1241F6D0000FB94DF /* Release */,
			);
			defaultConfigurationIsVisible = 0;
			defaultConfigurationName = Release;
		};
/* End XCConfigurationList section */
	};
	rootObject = 2357BB97241F6CF700FB94DF /* Project object */;
}
